
Microsoft Visual Studio Solution File, Format Version 12.00
# Visual Studio 2012
Project("{FAE04EC0-301F-11D3-BF4B-00C04F79EFBC}") = "PartyInvite", "PartyInvite\PartyInvite.csproj", "{DD77B35A-6158-4AE7-9621-328C38090932}"
EndProject
Project("{FAE04EC0-301F-11D3-BF4B-00C04F79EFBC}") = "PartyMVC", "PartyMVC\PartyMVC.csproj", "{23255EB0-495E-4F81-AB5D-15847663C775}"
EndProject
Global
	GlobalSection(SolutionConfigurationPlatforms) = preSolution
		Debug|Any CPU = Debug|Any CPU
		Release|Any CPU = Release|Any CPU
	EndGlobalSection
	GlobalSection(ProjectConfigurationPlatforms) = postSolution
		{23255EB0-495E-4F81-AB5D-15847663C775}.Debug|Any CPU.ActiveCfg = Debug|Any CPU
		{23255EB0-495E-4F81-AB5D-15847663C775}.Debug|Any CPU.Build.0 = Debug|Any CPU
		{23255EB0-495E-4F81-AB5D-15847663C775}.Release|Any CPU.ActiveCfg = Release|Any CPU
		{23255EB0-495E-4F81-AB5D-15847663C775}.Release|Any CPU.Build.0 = Release|Any CPU
		{DD77B35A-6158-4AE7-9621-328C38090932}.Debug|Any CPU.ActiveCfg = Debug|Any CPU
		{DD77B35A-6158-4AE7-9621-328C38090932}.Debug|Any CPU.Build.0 = Debug|Any CPU
		{DD77B35A-6158-4AE7-9621-328C38090932}.Release|Any CPU.ActiveCfg = Release|Any CPU
		{DD77B35A-6158-4AE7-9621-328C38090932}.Release|Any CPU.Build.0 = Release|Any CPU
	EndGlobalSection
EndGlobal
